// !$*UTF8*$!
{
	archiveVersion = 1;
	classes = {
	};
	objectVersion = 77;
	objects = {

/* Begin PBXBuildFile section */
		C6DC042F2D072DD000B8BCC9 /* Assets.xcassets in Resources */ = {isa = PBXBuildFile; fileRef = C6DC04262D072DD000B8BCC9 /* Assets.xcassets */; };
		C6DC04312D072DD000B8BCC9 /* LaunchScreen.storyboard in Resources */ = {isa = PBXBuildFile; fileRef = C6DC04292D072DD000B8BCC9 /* LaunchScreen.storyboard */; };
		C6DC04322D072DD000B8BCC9 /* Main.storyboard in Resources */ = {isa = PBXBuildFile; fileRef = C6DC042B2D072DD000B8BCC9 /* Main.storyboard */; };
		C6DC04332D072DD000B8BCC9 /* AppDelegate.swift in Sources */ = {isa = PBXBuildFile; fileRef = C6DC04252D072DD000B8BCC9 /* AppDelegate.swift */; };
		C6DC04342D072DD000B8BCC9 /* SceneDelegate.swift in Sources */ = {isa = PBXBuildFile; fileRef = C6DC042C2D072DD000B8BCC9 /* SceneDelegate.swift */; };
		C6DC044C2D072E1400B8BCC9 /* AuthenticationVM.swift in Sources */ = {isa = PBXBuildFile; fileRef = C6DC04432D072E1400B8BCC9 /* AuthenticationVM.swift */; };
		C6DC044D2D072E1400B8BCC9 /* MainTabBarController.swift in Sources */ = {isa = PBXBuildFile; fileRef = C6DC04402D072E1400B8BCC9 /* MainTabBarController.swift */; };
		C6DC044E2D072E1400B8BCC9 /* ProfileController.swift in Sources */ = {isa = PBXBuildFile; fileRef = C6DC043F2D072E1400B8BCC9 /* ProfileController.swift */; };
		C6DC044F2D072E1400B8BCC9 /* LoginController.swift in Sources */ = {isa = PBXBuildFile; fileRef = C6DC04392D072E1400B8BCC9 /* LoginController.swift */; };
		C6DC04502D072E1400B8BCC9 /* ImageSelectorController.swift in Sources */ = {isa = PBXBuildFile; fileRef = C6DC043D2D072E1400B8BCC9 /* ImageSelectorController.swift */; };
		C6DC04512D072E1400B8BCC9 /* Extensions.swift in Sources */ = {isa = PBXBuildFile; fileRef = C6DC04362D072E1400B8BCC9 /* Extensions.swift */; };
		C6DC04522D072E1400B8BCC9 /* SearchController.swift in Sources */ = {isa = PBXBuildFile; fileRef = C6DC043C2D072E1400B8BCC9 /* SearchController.swift */; };
		C6DC04532D072E1400B8BCC9 /* FeedController.swift in Sources */ = {isa = PBXBuildFile; fileRef = C6DC04412D072E1400B8BCC9 /* FeedController.swift */; };
		C6DC04542D072E1400B8BCC9 /* CustomTextFields.swift in Sources */ = {isa = PBXBuildFile; fileRef = C6DC04462D072E1400B8BCC9 /* CustomTextFields.swift */; };
		C6DC04552D072E1400B8BCC9 /* CustomButtons.swift in Sources */ = {isa = PBXBuildFile; fileRef = C6DC04452D072E1400B8BCC9 /* CustomButtons.swift */; };
		C6DC04562D072E1400B8BCC9 /* NotificationController.swift in Sources */ = {isa = PBXBuildFile; fileRef = C6DC043E2D072E1400B8BCC9 /* NotificationController.swift */; };
		C6DC04572D072E1400B8BCC9 /* FeedCell.swift in Sources */ = {isa = PBXBuildFile; fileRef = C6DC04492D072E1400B8BCC9 /* FeedCell.swift */; };
		C6DC04582D072E1400B8BCC9 /* RegisterController.swift in Sources */ = {isa = PBXBuildFile; fileRef = C6DC043A2D072E1400B8BCC9 /* RegisterController.swift */; };
		C6DC04592D072E1400B8BCC9 /* Background.swift in Sources */ = {isa = PBXBuildFile; fileRef = C6DC04472D072E1400B8BCC9 /* Background.swift */; };
/* End PBXBuildFile section */

/* Begin PBXFileReference section */
		C6DC040D2D072DC000B8BCC9 /* Gibigram.app */ = {isa = PBXFileReference; explicitFileType = wrapper.application; includeInIndex = 0; path = Gibigram.app; sourceTree = BUILT_PRODUCTS_DIR; };
		C6DC04252D072DD000B8BCC9 /* AppDelegate.swift */ = {isa = PBXFileReference; lastKnownFileType = sourcecode.swift; path = AppDelegate.swift; sourceTree = "<group>"; };
		C6DC04262D072DD000B8BCC9 /* Assets.xcassets */ = {isa = PBXFileReference; lastKnownFileType = folder.assetcatalog; path = Assets.xcassets; sourceTree = "<group>"; };
		C6DC04272D072DD000B8BCC9 /* Info.plist */ = {isa = PBXFileReference; lastKnownFileType = text.plist.xml; path = Info.plist; sourceTree = "<group>"; };
		C6DC04282D072DD000B8BCC9 /* Base */ = {isa = PBXFileReference; lastKnownFileType = file.storyboard; name = Base; path = Base.lproj/LaunchScreen.storyboard; sourceTree = "<group>"; };
		C6DC042A2D072DD000B8BCC9 /* Base */ = {isa = PBXFileReference; lastKnownFileType = file.storyboard; name = Base; path = Base.lproj/Main.storyboard; sourceTree = "<group>"; };
		C6DC042C2D072DD000B8BCC9 /* SceneDelegate.swift */ = {isa = PBXFileReference; lastKnownFileType = sourcecode.swift; path = SceneDelegate.swift; sourceTree = "<group>"; };
		C6DC04362D072E1400B8BCC9 /* Extensions.swift */ = {isa = PBXFileReference; lastKnownFileType = sourcecode.swift; path = Extensions.swift; sourceTree = "<group>"; };
		C6DC04392D072E1400B8BCC9 /* LoginController.swift */ = {isa = PBXFileReference; lastKnownFileType = sourcecode.swift; path = LoginController.swift; sourceTree = "<group>"; };
		C6DC043A2D072E1400B8BCC9 /* RegisterController.swift */ = {isa = PBXFileReference; lastKnownFileType = sourcecode.swift; path = RegisterController.swift; sourceTree = "<group>"; };
		C6DC043C2D072E1400B8BCC9 /* SearchController.swift */ = {isa = PBXFileReference; lastKnownFileType = sourcecode.swift; path = SearchController.swift; sourceTree = "<group>"; };
		C6DC043D2D072E1400B8BCC9 /* ImageSelectorController.swift */ = {isa = PBXFileReference; lastKnownFileType = sourcecode.swift; path = ImageSelectorController.swift; sourceTree = "<group>"; };
		C6DC043E2D072E1400B8BCC9 /* NotificationController.swift */ = {isa = PBXFileReference; lastKnownFileType = sourcecode.swift; path = NotificationController.swift; sourceTree = "<group>"; };
		C6DC043F2D072E1400B8BCC9 /* ProfileController.swift */ = {isa = PBXFileReference; lastKnownFileType = sourcecode.swift; path = ProfileController.swift; sourceTree = "<group>"; };
		C6DC04402D072E1400B8BCC9 /* MainTabBarController.swift */ = {isa = PBXFileReference; lastKnownFileType = sourcecode.swift; path = MainTabBarController.swift; sourceTree = "<group>"; };
		C6DC04412D072E1400B8BCC9 /* FeedController.swift */ = {isa = PBXFileReference; lastKnownFileType = sourcecode.swift; path = FeedController.swift; sourceTree = "<group>"; };
		C6DC04432D072E1400B8BCC9 /* AuthenticationVM.swift */ = {isa = PBXFileReference; lastKnownFileType = sourcecode.swift; path = AuthenticationVM.swift; sourceTree = "<group>"; };
		C6DC04452D072E1400B8BCC9 /* CustomButtons.swift */ = {isa = PBXFileReference; lastKnownFileType = sourcecode.swift; path = CustomButtons.swift; sourceTree = "<group>"; };
		C6DC04462D072E1400B8BCC9 /* CustomTextFields.swift */ = {isa = PBXFileReference; lastKnownFileType = sourcecode.swift; path = CustomTextFields.swift; sourceTree = "<group>"; };
		C6DC04472D072E1400B8BCC9 /* Background.swift */ = {isa = PBXFileReference; lastKnownFileType = sourcecode.swift; path = Background.swift; sourceTree = "<group>"; };
		C6DC04492D072E1400B8BCC9 /* FeedCell.swift */ = {isa = PBXFileReference; lastKnownFileType = sourcecode.swift; path = FeedCell.swift; sourceTree = "<group>"; };
/* End PBXFileReference section */

/* Begin PBXFrameworksBuildPhase section */
		C6DC040A2D072DC000B8BCC9 /* Frameworks */ = {
			isa = PBXFrameworksBuildPhase;
			buildActionMask = 2147483647;
			files = (
			);
			runOnlyForDeploymentPostprocessing = 0;
		};
/* End PBXFrameworksBuildPhase section */

/* Begin PBXGroup section */
		C6DC04042D072DC000B8BCC9 = {
			isa = PBXGroup;
			children = (
				C6DC042E2D072DD000B8BCC9 /* Gibigram */,
				C6DC040E2D072DC000B8BCC9 /* Products */,
			);
			sourceTree = "<group>";
		};
		C6DC040E2D072DC000B8BCC9 /* Products */ = {
			isa = PBXGroup;
			children = (
				C6DC040D2D072DC000B8BCC9 /* Gibigram.app */,
			);
			name = Products;
			sourceTree = "<group>";
		};
		C6DC042E2D072DD000B8BCC9 /* Gibigram */ = {
			isa = PBXGroup;
			children = (
				C6DC04372D072E1400B8BCC9 /* Utils */,
				C6DC04382D072E1400B8BCC9 /* Api */,
				C6DC04422D072E1400B8BCC9 /* Controller */,
				C6DC04442D072E1400B8BCC9 /* ViewModel */,
				C6DC044A2D072E1400B8BCC9 /* View */,
				C6DC044B2D072E1400B8BCC9 /* Model */,
				C6DC042C2D072DD000B8BCC9 /* SceneDelegate.swift */,
				C6DC04252D072DD000B8BCC9 /* AppDelegate.swift */,
				C6DC04262D072DD000B8BCC9 /* Assets.xcassets */,
				C6DC04272D072DD000B8BCC9 /* Info.plist */,
				C6DC04292D072DD000B8BCC9 /* LaunchScreen.storyboard */,
				C6DC042B2D072DD000B8BCC9 /* Main.storyboard */,
			);
			path = Gibigram;
			sourceTree = "<group>";
		};
		C6DC04372D072E1400B8BCC9 /* Utils */ = {
			isa = PBXGroup;
			children = (
				C6DC04362D072E1400B8BCC9 /* Extensions.swift */,
			);
			path = Utils;
			sourceTree = "<group>";
		};
		C6DC04382D072E1400B8BCC9 /* Api */ = {
			isa = PBXGroup;
			children = (
			);
			path = Api;
			sourceTree = "<group>";
		};
		C6DC043B2D072E1400B8BCC9 /* Authentication */ = {
			isa = PBXGroup;
			children = (
				C6DC04392D072E1400B8BCC9 /* LoginController.swift */,
				C6DC043A2D072E1400B8BCC9 /* RegisterController.swift */,
			);
			path = Authentication;
			sourceTree = "<group>";
		};
		C6DC04422D072E1400B8BCC9 /* Controller */ = {
			isa = PBXGroup;
			children = (
				C6DC043B2D072E1400B8BCC9 /* Authentication */,
				C6DC043C2D072E1400B8BCC9 /* SearchController.swift */,
				C6DC043D2D072E1400B8BCC9 /* ImageSelectorController.swift */,
				C6DC043E2D072E1400B8BCC9 /* NotificationController.swift */,
				C6DC043F2D072E1400B8BCC9 /* ProfileController.swift */,
				C6DC04402D072E1400B8BCC9 /* MainTabBarController.swift */,
				C6DC04412D072E1400B8BCC9 /* FeedController.swift */,
			);
			path = Controller;
			sourceTree = "<group>";
		};
		C6DC04442D072E1400B8BCC9 /* ViewModel */ = {
			isa = PBXGroup;
			children = (
				C6DC04432D072E1400B8BCC9 /* AuthenticationVM.swift */,
			);
			path = ViewModel;
			sourceTree = "<group>";
		};
		C6DC04482D072E1400B8BCC9 /* CustomUIElements */ = {
			isa = PBXGroup;
			children = (
				C6DC04452D072E1400B8BCC9 /* CustomButtons.swift */,
				C6DC04462D072E1400B8BCC9 /* CustomTextFields.swift */,
				C6DC04472D072E1400B8BCC9 /* Background.swift */,
			);
			path = CustomUIElements;
			sourceTree = "<group>";
		};
		C6DC044A2D072E1400B8BCC9 /* View */ = {
			isa = PBXGroup;
			children = (
				C6DC04482D072E1400B8BCC9 /* CustomUIElements */,
				C6DC04492D072E1400B8BCC9 /* FeedCell.swift */,
			);
			path = View;
			sourceTree = "<group>";
		};
		C6DC044B2D072E1400B8BCC9 /* Model */ = {
			isa = PBXGroup;
			children = (
			);
			path = Model;
			sourceTree = "<group>";
		};
/* End PBXGroup section */

/* Begin PBXNativeTarget section */
		C6DC040C2D072DC000B8BCC9 /* Gibigram */ = {
			isa = PBXNativeTarget;
			buildConfigurationList = C6DC04202D072DC100B8BCC9 /* Build configuration list for PBXNativeTarget "Gibigram" */;
			buildPhases = (
				C6DC04092D072DC000B8BCC9 /* Sources */,
				C6DC040A2D072DC000B8BCC9 /* Frameworks */,
				C6DC040B2D072DC000B8BCC9 /* Resources */,
			);
			buildRules = (
			);
			dependencies = (
			);
			name = Gibigram;
			packageProductDependencies = (
			);
			productName = Gibigram;
			productReference = C6DC040D2D072DC000B8BCC9 /* Gibigram.app */;
			productType = "com.apple.product-type.application";
		};
/* End PBXNativeTarget section */

/* Begin PBXProject section */
		C6DC04052D072DC000B8BCC9 /* Project object */ = {
			isa = PBXProject;
			attributes = {
				BuildIndependentTargetsInParallel = 1;
				LastSwiftUpdateCheck = 1610;
				LastUpgradeCheck = 1610;
				TargetAttributes = {
					C6DC040C2D072DC000B8BCC9 = {
						CreatedOnToolsVersion = 16.1;
					};
				};
			};
			buildConfigurationList = C6DC04082D072DC000B8BCC9 /* Build configuration list for PBXProject "Gibigram" */;
			developmentRegion = en;
			hasScannedForEncodings = 0;
			knownRegions = (
				en,
				Base,
			);
			mainGroup = C6DC04042D072DC000B8BCC9;
			minimizedProjectReferenceProxies = 1;
			preferredProjectObjectVersion = 77;
			productRefGroup = C6DC040E2D072DC000B8BCC9 /* Products */;
			projectDirPath = "";
			projectRoot = "";
			targets = (
				C6DC040C2D072DC000B8BCC9 /* Gibigram */,
			);
		};
/* End PBXProject section */

/* Begin PBXResourcesBuildPhase section */
		C6DC040B2D072DC000B8BCC9 /* Resources */ = {
			isa = PBXResourcesBuildPhase;
			buildActionMask = 2147483647;
			files = (
				C6DC042F2D072DD000B8BCC9 /* Assets.xcassets in Resources */,
				C6DC04312D072DD000B8BCC9 /* LaunchScreen.storyboard in Resources */,
				C6DC04322D072DD000B8BCC9 /* Main.storyboard in Resources */,
			);
			runOnlyForDeploymentPostprocessing = 0;
		};
/* End PBXResourcesBuildPhase section */

/* Begin PBXSourcesBuildPhase section */
		C6DC04092D072DC000B8BCC9 /* Sources */ = {
			isa = PBXSourcesBuildPhase;
			buildActionMask = 2147483647;
			files = (
				C6DC04332D072DD000B8BCC9 /* AppDelegate.swift in Sources */,
				C6DC044C2D072E1400B8BCC9 /* AuthenticationVM.swift in Sources */,
				C6DC044D2D072E1400B8BCC9 /* MainTabBarController.swift in Sources */,
				C6DC044E2D072E1400B8BCC9 /* ProfileController.swift in Sources */,
				C6DC044F2D072E1400B8BCC9 /* LoginController.swift in Sources */,
				C6DC04502D072E1400B8BCC9 /* ImageSelectorController.swift in Sources */,
				C6DC04512D072E1400B8BCC9 /* Extensions.swift in Sources */,
				C6DC04522D072E1400B8BCC9 /* SearchController.swift in Sources */,
				C6DC04532D072E1400B8BCC9 /* FeedController.swift in Sources */,
				C6DC04542D072E1400B8BCC9 /* CustomTextFields.swift in Sources */,
				C6DC04552D072E1400B8BCC9 /* CustomButtons.swift in Sources */,
				C6DC04562D072E1400B8BCC9 /* NotificationController.swift in Sources */,
				C6DC04572D072E1400B8BCC9 /* FeedCell.swift in Sources */,
				C6DC04582D072E1400B8BCC9 /* RegisterController.swift in Sources */,
				C6DC04592D072E1400B8BCC9 /* Background.swift in Sources */,
				C6DC04342D072DD000B8BCC9 /* SceneDelegate.swift in Sources */,
			);
			runOnlyForDeploymentPostprocessing = 0;
		};
/* End PBXSourcesBuildPhase section */

/* Begin PBXVariantGroup section */
		C6DC04292D072DD000B8BCC9 /* LaunchScreen.storyboard */ = {
			isa = PBXVariantGroup;
			children = (
				C6DC04282D072DD000B8BCC9 /* Base */,
			);
			name = LaunchScreen.storyboard;
			sourceTree = "<group>";
		};
		C6DC042B2D072DD000B8BCC9 /* Main.storyboard */ = {
			isa = PBXVariantGroup;
			children = (
				C6DC042A2D072DD000B8BCC9 /* Base */,
			);
			name = Main.storyboard;
			sourceTree = "<group>";
		};
/* End PBXVariantGroup section */

/* Begin XCBuildConfiguration section */
		C6DC04212D072DC100B8BCC9 /* Debug */ = {
			isa = XCBuildConfiguration;
			buildSettings = {
				ASSETCATALOG_COMPILER_APPICON_NAME = AppIcon;
				ASSETCATALOG_COMPILER_GLOBAL_ACCENT_COLOR_NAME = AccentColor;
				CODE_SIGN_STYLE = Automatic;
				CURRENT_PROJECT_VERSION = 1;
				DEVELOPMENT_TEAM = J4QF7K26GP;
				GENERATE_INFOPLIST_FILE = YES;
				INFOPLIST_FILE = Gibigram/Info.plist;
				INFOPLIST_KEY_UIApplicationSupportsIndirectInputEvents = YES;
				INFOPLIST_KEY_UILaunchStoryboardName = LaunchScreen;
				INFOPLIST_KEY_UIMainStoryboardFile = Main;
				INFOPLIST_KEY_UISupportedInterfaceOrientations_iPad = "UIInterfaceOrientationPortrait UIInterfaceOrientationPortraitUpsideDown UIInterfaceOrientationLandscapeLeft UIInterfaceOrientationLandscapeRight";
				INFOPLIST_KEY_UISupportedInterfaceOrientations_iPhone = "UIInterfaceOrientationPortrait UIInterfaceOrientationLandscapeLeft UIInterfaceOrientationLandscapeRight";
				LD_RUNPATH_SEARCH_PATHS = (
					"$(inherited)",
					"@executable_path/Frameworks",
				);
				MARKETING_VERSION = 1.0;
				PRODUCT_BUNDLE_IDENTIFIER = com.mertziya.Gibigram;
				PRODUCT_NAME = "$(TARGET_NAME)";
				SWIFT_EMIT_LOC_STRINGS = YES;
				SWIFT_VERSION = 5.0;
				TARGETED_DEVICE_FAMILY = "1,2";
			};
			name = Debug;
		};
		C6DC04222D072DC100B8BCC9 /* Release */ = {
			isa = XCBuildConfiguration;
			buildSettings = {
				ASSETCATALOG_COMPILER_APPICON_NAME = AppIcon;
				ASSETCATALOG_COMPILER_GLOBAL_ACCENT_COLOR_NAME = AccentColor;
				CODE_SIGN_STYLE = Automatic;
				CURRENT_PROJECT_VERSION = 1;
				DEVELOPMENT_TEAM = J4QF7K26GP;
				GENERATE_INFOPLIST_FILE = YES;
				INFOPLIST_FILE = Gibigram/Info.plist;
				INFOPLIST_KEY_UIApplicationSupportsIndirectInputEvents = YES;
				INFOPLIST_KEY_UILaunchStoryboardName = LaunchScreen;
				INFOPLIST_KEY_UIMainStoryboardFile = Main;
				INFOPLIST_KEY_UISupportedInterfaceOrientations_iPad = "UIInterfaceOrientationPortrait UIInterfaceOrientationPortraitUpsideDown UIInterfaceOrientationLandscapeLeft UIInterfaceOrientationLandscapeRight";
				INFOPLIST_KEY_UISupportedInterfaceOrientations_iPhone = "UIInterfaceOrientationPortrait UIInterfaceOrientationLandscapeLeft UIInterfaceOrientationLandscapeRight";
				LD_RUNPATH_SEARCH_PATHS = (
					"$(inherited)",
					"@executable_path/Frameworks",
				);
				MARKETING_VERSION = 1.0;
				PRODUCT_BUNDLE_IDENTIFIER = com.mertziya.Gibigram;
				PRODUCT_NAME = "$(TARGET_NAME)";
				SWIFT_EMIT_LOC_STRINGS = YES;
				SWIFT_VERSION = 5.0;
				TARGETED_DEVICE_FAMILY = "1,2";
			};
			name = Release;
		};
		C6DC04232D072DC100B8BCC9 /* Debug */ = {
			isa = XCBuildConfiguration;
			buildSettings = {
				ALWAYS_SEARCH_USER_PATHS = NO;
				ASSETCATALOG_COMPILER_GENERATE_SWIFT_ASSET_SYMBOL_EXTENSIONS = YES;
				CLANG_ANALYZER_NONNULL = YES;
				CLANG_ANALYZER_NUMBER_OBJECT_CONVERSION = YES_AGGRESSIVE;
				CLANG_CXX_LANGUAGE_STANDARD = "gnu++20";
				CLANG_ENABLE_MODULES = YES;
				CLANG_ENABLE_OBJC_ARC = YES;
				CLANG_ENABLE_OBJC_WEAK = YES;
				CLANG_WARN_BLOCK_CAPTURE_AUTORELEASING = YES;
				CLANG_WARN_BOOL_CONVERSION = YES;
				CLANG_WARN_COMMA = YES;
				CLANG_WARN_CONSTANT_CONVERSION = YES;
				CLANG_WARN_DEPRECATED_OBJC_IMPLEMENTATIONS = YES;
				CLANG_WARN_DIRECT_OBJC_ISA_USAGE = YES_ERROR;
				CLANG_WARN_DOCUMENTATION_COMMENTS = YES;
				CLANG_WARN_EMPTY_BODY = YES;
				CLANG_WARN_ENUM_CONVERSION = YES;
				CLANG_WARN_INFINITE_RECURSION = YES;
				CLANG_WARN_INT_CONVERSION = YES;
				CLANG_WARN_NON_LITERAL_NULL_CONVERSION = YES;
				CLANG_WARN_OBJC_IMPLICIT_RETAIN_SELF = YES;
				CLANG_WARN_OBJC_LITERAL_CONVERSION = YES;
				CLANG_WARN_OBJC_ROOT_CLASS = YES_ERROR;
				CLANG_WARN_QUOTED_INCLUDE_IN_FRAMEWORK_HEADER = YES;
				CLANG_WARN_RANGE_LOOP_ANALYSIS = YES;
				CLANG_WARN_STRICT_PROTOTYPES = YES;
				CLANG_WARN_SUSPICIOUS_MOVE = YES;
				CLANG_WARN_UNGUARDED_AVAILABILITY = YES_AGGRESSIVE;
				CLANG_WARN_UNREACHABLE_CODE = YES;
				CLANG_WARN__DUPLICATE_METHOD_MATCH = YES;
				COPY_PHASE_STRIP = NO;
				DEBUG_INFORMATION_FORMAT = dwarf;
				ENABLE_STRICT_OBJC_MSGSEND = YES;
				ENABLE_TESTABILITY = YES;
				ENABLE_USER_SCRIPT_SANDBOXING = YES;
				GCC_C_LANGUAGE_STANDARD = gnu17;
				GCC_DYNAMIC_NO_PIC = NO;
				GCC_NO_COMMON_BLOCKS = YES;
				GCC_OPTIMIZATION_LEVEL = 0;
				GCC_PREPROCESSOR_DEFINITIONS = (
					"DEBUG=1",
					"$(inherited)",
				);
				GCC_WARN_64_TO_32_BIT_CONVERSION = YES;
				GCC_WARN_ABOUT_RETURN_TYPE = YES_ERROR;
				GCC_WARN_UNDECLARED_SELECTOR = YES;
				GCC_WARN_UNINITIALIZED_AUTOS = YES_AGGRESSIVE;
				GCC_WARN_UNUSED_FUNCTION = YES;
				GCC_WARN_UNUSED_VARIABLE = YES;
				IPHONEOS_DEPLOYMENT_TARGET = 18.1;
				LOCALIZATION_PREFERS_STRING_CATALOGS = YES;
				MTL_ENABLE_DEBUG_INFO = INCLUDE_SOURCE;
				MTL_FAST_MATH = YES;
				ONLY_ACTIVE_ARCH = YES;
				SDKROOT = iphoneos;
				SWIFT_ACTIVE_COMPILATION_CONDITIONS = "DEBUG $(inherited)";
				SWIFT_OPTIMIZATION_LEVEL = "-Onone";
			};
			name = Debug;
		};
		C6DC04242D072DC100B8BCC9 /* Release */ = {
			isa = XCBuildConfiguration;
			buildSettings = {
				ALWAYS_SEARCH_USER_PATHS = NO;
				ASSETCATALOG_COMPILER_GENERATE_SWIFT_ASSET_SYMBOL_EXTENSIONS = YES;
				CLANG_ANALYZER_NONNULL = YES;
				CLANG_ANALYZER_NUMBER_OBJECT_CONVERSION = YES_AGGRESSIVE;
				CLANG_CXX_LANGUAGE_STANDARD = "gnu++20";
				CLANG_ENABLE_MODULES = YES;
				CLANG_ENABLE_OBJC_ARC = YES;
				CLANG_ENABLE_OBJC_WEAK = YES;
				CLANG_WARN_BLOCK_CAPTURE_AUTORELEASING = YES;
				CLANG_WARN_BOOL_CONVERSION = YES;
				CLANG_WARN_COMMA = YES;
				CLANG_WARN_CONSTANT_CONVERSION = YES;
				CLANG_WARN_DEPRECATED_OBJC_IMPLEMENTATIONS = YES;
				CLANG_WARN_DIRECT_OBJC_ISA_USAGE = YES_ERROR;
				CLANG_WARN_DOCUMENTATION_COMMENTS = YES;
				CLANG_WARN_EMPTY_BODY = YES;
				CLANG_WARN_ENUM_CONVERSION = YES;
				CLANG_WARN_INFINITE_RECURSION = YES;
				CLANG_WARN_INT_CONVERSION = YES;
				CLANG_WARN_NON_LITERAL_NULL_CONVERSION = YES;
				CLANG_WARN_OBJC_IMPLICIT_RETAIN_SELF = YES;
				CLANG_WARN_OBJC_LITERAL_CONVERSION = YES;
				CLANG_WARN_OBJC_ROOT_CLASS = YES_ERROR;
				CLANG_WARN_QUOTED_INCLUDE_IN_FRAMEWORK_HEADER = YES;
				CLANG_WARN_RANGE_LOOP_ANALYSIS = YES;
				CLANG_WARN_STRICT_PROTOTYPES = YES;
				CLANG_WARN_SUSPICIOUS_MOVE = YES;
				CLANG_WARN_UNGUARDED_AVAILABILITY = YES_AGGRESSIVE;
				CLANG_WARN_UNREACHABLE_CODE = YES;
				CLANG_WARN__DUPLICATE_METHOD_MATCH = YES;
				COPY_PHASE_STRIP = NO;
				DEBUG_INFORMATION_FORMAT = "dwarf-with-dsym";
				ENABLE_NS_ASSERTIONS = NO;
				ENABLE_STRICT_OBJC_MSGSEND = YES;
				ENABLE_USER_SCRIPT_SANDBOXING = YES;
				GCC_C_LANGUAGE_STANDARD = gnu17;
				GCC_NO_COMMON_BLOCKS = YES;
				GCC_WARN_64_TO_32_BIT_CONVERSION = YES;
				GCC_WARN_ABOUT_RETURN_TYPE = YES_ERROR;
				GCC_WARN_UNDECLARED_SELECTOR = YES;
				GCC_WARN_UNINITIALIZED_AUTOS = YES_AGGRESSIVE;
				GCC_WARN_UNUSED_FUNCTION = YES;
				GCC_WARN_UNUSED_VARIABLE = YES;
				IPHONEOS_DEPLOYMENT_TARGET = 18.1;
				LOCALIZATION_PREFERS_STRING_CATALOGS = YES;
				MTL_ENABLE_DEBUG_INFO = NO;
				MTL_FAST_MATH = YES;
				SDKROOT = iphoneos;
				SWIFT_COMPILATION_MODE = wholemodule;
				VALIDATE_PRODUCT = YES;
			};
			name = Release;
		};
/* End XCBuildConfiguration section */

/* Begin XCConfigurationList section */
		C6DC04082D072DC000B8BCC9 /* Build configuration list for PBXProject "Gibigram" */ = {
			isa = XCConfigurationList;
			buildConfigurations = (
				C6DC04232D072DC100B8BCC9 /* Debug */,
				C6DC04242D072DC100B8BCC9 /* Release */,
			);
			defaultConfigurationIsVisible = 0;
			defaultConfigurationName = Release;
		};
		C6DC04202D072DC100B8BCC9 /* Build configuration list for PBXNativeTarget "Gibigram" */ = {
			isa = XCConfigurationList;
			buildConfigurations = (
				C6DC04212D072DC100B8BCC9 /* Debug */,
				C6DC04222D072DC100B8BCC9 /* Release */,
			);
			defaultConfigurationIsVisible = 0;
			defaultConfigurationName = Release;
		};
/* End XCConfigurationList section */
	};
	rootObject = C6DC04052D072DC000B8BCC9 /* Project object */;
}
