// !$*UTF8*$!
{
	archiveVersion = 1;
	classes = {
	};
	objectVersion = 77;
	objects = {

/* Begin PBXBuildFile section */
		C6CC47862D0347CA00ED9B43 /* AppDelegate.swift in Sources */ = {isa = PBXBuildFile; fileRef = C6CC477C2D0347CA00ED9B43 /* AppDelegate.swift */; };
		C6CC47872D0347CA00ED9B43 /* SceneDelegate.swift in Sources */ = {isa = PBXBuildFile; fileRef = C6CC47832D0347CA00ED9B43 /* SceneDelegate.swift */; };
		C6CC47892D0347CA00ED9B43 /* Assets.xcassets in Resources */ = {isa = PBXBuildFile; fileRef = C6CC477D2D0347CA00ED9B43 /* Assets.xcassets */; };
		C6CC478B2D0347CA00ED9B43 /* LaunchScreen.storyboard in Resources */ = {isa = PBXBuildFile; fileRef = C6CC47802D0347CA00ED9B43 /* LaunchScreen.storyboard */; };
		C6CC478C2D0347CA00ED9B43 /* Main.storyboard in Resources */ = {isa = PBXBuildFile; fileRef = C6CC47822D0347CA00ED9B43 /* Main.storyboard */; };
		C6CC47942D03482300ED9B43 /* FeedController.swift in Sources */ = {isa = PBXBuildFile; fileRef = C6CC47932D03481A00ED9B43 /* FeedController.swift */; };
		C6CC47962D03483C00ED9B43 /* MainTabBarController.swift in Sources */ = {isa = PBXBuildFile; fileRef = C6CC47952D03483C00ED9B43 /* MainTabBarController.swift */; };
		C6CC479B2D03484300ED9B43 /* ImageSelectorController.swift in Sources */ = {isa = PBXBuildFile; fileRef = C6CC47982D03484300ED9B43 /* ImageSelectorController.swift */; };
		C6CC479C2D03484300ED9B43 /* NotificationController.swift in Sources */ = {isa = PBXBuildFile; fileRef = C6CC47992D03484300ED9B43 /* NotificationController.swift */; };
		C6CC479D2D03484300ED9B43 /* ProfileController.swift in Sources */ = {isa = PBXBuildFile; fileRef = C6CC479A2D03484300ED9B43 /* ProfileController.swift */; };
		C6CC479E2D03484300ED9B43 /* SearchController.swift in Sources */ = {isa = PBXBuildFile; fileRef = C6CC47972D03484300ED9B43 /* SearchController.swift */; };
		C6CC47A22D03484C00ED9B43 /* LoginController.swift in Sources */ = {isa = PBXBuildFile; fileRef = C6CC479F2D03484C00ED9B43 /* LoginController.swift */; };
		C6CC47A32D03484C00ED9B43 /* RegisterController.swift in Sources */ = {isa = PBXBuildFile; fileRef = C6CC47A02D03484C00ED9B43 /* RegisterController.swift */; };
		C6CC47A52D03485800ED9B43 /* Extensions.swift in Sources */ = {isa = PBXBuildFile; fileRef = C6CC47A42D03485800ED9B43 /* Extensions.swift */; };
		C6CC47A72D03485E00ED9B43 /* FeedCell.swift in Sources */ = {isa = PBXBuildFile; fileRef = C6CC47A62D03485E00ED9B43 /* FeedCell.swift */; };
/* End PBXBuildFile section */

/* Begin PBXFileReference section */
		C6CC47642D0347B200ED9B43 /* IOSX-Gibigram.app */ = {isa = PBXFileReference; explicitFileType = wrapper.application; includeInIndex = 0; path = "IOSX-Gibigram.app"; sourceTree = BUILT_PRODUCTS_DIR; };
		C6CC477C2D0347CA00ED9B43 /* AppDelegate.swift */ = {isa = PBXFileReference; lastKnownFileType = sourcecode.swift; path = AppDelegate.swift; sourceTree = "<group>"; };
		C6CC477D2D0347CA00ED9B43 /* Assets.xcassets */ = {isa = PBXFileReference; lastKnownFileType = folder.assetcatalog; path = Assets.xcassets; sourceTree = "<group>"; };
		C6CC477E2D0347CA00ED9B43 /* Info.plist */ = {isa = PBXFileReference; lastKnownFileType = text.plist.xml; path = Info.plist; sourceTree = "<group>"; };
		C6CC477F2D0347CA00ED9B43 /* Base */ = {isa = PBXFileReference; lastKnownFileType = file.storyboard; name = Base; path = Base.lproj/LaunchScreen.storyboard; sourceTree = "<group>"; };
		C6CC47812D0347CA00ED9B43 /* Base */ = {isa = PBXFileReference; lastKnownFileType = file.storyboard; name = Base; path = Base.lproj/Main.storyboard; sourceTree = "<group>"; };
		C6CC47832D0347CA00ED9B43 /* SceneDelegate.swift */ = {isa = PBXFileReference; lastKnownFileType = sourcecode.swift; path = SceneDelegate.swift; sourceTree = "<group>"; };
		C6CC47932D03481A00ED9B43 /* FeedController.swift */ = {isa = PBXFileReference; lastKnownFileType = sourcecode.swift; path = FeedController.swift; sourceTree = "<group>"; };
		C6CC47952D03483C00ED9B43 /* MainTabBarController.swift */ = {isa = PBXFileReference; lastKnownFileType = sourcecode.swift; path = MainTabBarController.swift; sourceTree = "<group>"; };
		C6CC47972D03484300ED9B43 /* SearchController.swift */ = {isa = PBXFileReference; lastKnownFileType = sourcecode.swift; path = SearchController.swift; sourceTree = "<group>"; };
		C6CC47982D03484300ED9B43 /* ImageSelectorController.swift */ = {isa = PBXFileReference; lastKnownFileType = sourcecode.swift; path = ImageSelectorController.swift; sourceTree = "<group>"; };
		C6CC47992D03484300ED9B43 /* NotificationController.swift */ = {isa = PBXFileReference; lastKnownFileType = sourcecode.swift; path = NotificationController.swift; sourceTree = "<group>"; };
		C6CC479A2D03484300ED9B43 /* ProfileController.swift */ = {isa = PBXFileReference; lastKnownFileType = sourcecode.swift; path = ProfileController.swift; sourceTree = "<group>"; };
		C6CC479F2D03484C00ED9B43 /* LoginController.swift */ = {isa = PBXFileReference; lastKnownFileType = sourcecode.swift; path = LoginController.swift; sourceTree = "<group>"; };
		C6CC47A02D03484C00ED9B43 /* RegisterController.swift */ = {isa = PBXFileReference; lastKnownFileType = sourcecode.swift; path = RegisterController.swift; sourceTree = "<group>"; };
		C6CC47A42D03485800ED9B43 /* Extensions.swift */ = {isa = PBXFileReference; lastKnownFileType = sourcecode.swift; path = Extensions.swift; sourceTree = "<group>"; };
		C6CC47A62D03485E00ED9B43 /* FeedCell.swift */ = {isa = PBXFileReference; lastKnownFileType = sourcecode.swift; path = FeedCell.swift; sourceTree = "<group>"; };
/* End PBXFileReference section */

/* Begin PBXFrameworksBuildPhase section */
		C6CC47612D0347B200ED9B43 /* Frameworks */ = {
			isa = PBXFrameworksBuildPhase;
			buildActionMask = 2147483647;
			files = (
			);
			runOnlyForDeploymentPostprocessing = 0;
		};
/* End PBXFrameworksBuildPhase section */

/* Begin PBXGroup section */
		C6CC475B2D0347B200ED9B43 = {
			isa = PBXGroup;
			children = (
				C6CC47852D0347CA00ED9B43 /* IOSX-Gibigram */,
				C6CC47652D0347B200ED9B43 /* Products */,
			);
			sourceTree = "<group>";
		};
		C6CC47652D0347B200ED9B43 /* Products */ = {
			isa = PBXGroup;
			children = (
				C6CC47642D0347B200ED9B43 /* IOSX-Gibigram.app */,
			);
			name = Products;
			sourceTree = "<group>";
		};
		C6CC47852D0347CA00ED9B43 /* IOSX-Gibigram */ = {
			isa = PBXGroup;
			children = (
				C6CC47922D03480000ED9B43 /* Utils */,
				C6CC47912D0347FC00ED9B43 /* Api */,
				C6CC47902D0347F700ED9B43 /* Controller */,
				C6CC478F2D0347F100ED9B43 /* ViewModel */,
				C6CC478E2D0347EB00ED9B43 /* View */,
				C6CC478D2D0347E400ED9B43 /* Model */,
				C6CC477C2D0347CA00ED9B43 /* AppDelegate.swift */,
				C6CC47832D0347CA00ED9B43 /* SceneDelegate.swift */,
				C6CC477D2D0347CA00ED9B43 /* Assets.xcassets */,
				C6CC477E2D0347CA00ED9B43 /* Info.plist */,
				C6CC47802D0347CA00ED9B43 /* LaunchScreen.storyboard */,
				C6CC47822D0347CA00ED9B43 /* Main.storyboard */,
			);
			path = "IOSX-Gibigram";
			sourceTree = "<group>";
		};
		C6CC478D2D0347E400ED9B43 /* Model */ = {
			isa = PBXGroup;
			children = (
			);
			path = Model;
			sourceTree = "<group>";
		};
		C6CC478E2D0347EB00ED9B43 /* View */ = {
			isa = PBXGroup;
			children = (
				C6CC47A62D03485E00ED9B43 /* FeedCell.swift */,
			);
			path = View;
			sourceTree = "<group>";
		};
		C6CC478F2D0347F100ED9B43 /* ViewModel */ = {
			isa = PBXGroup;
			children = (
			);
			path = ViewModel;
			sourceTree = "<group>";
		};
		C6CC47902D0347F700ED9B43 /* Controller */ = {
			isa = PBXGroup;
			children = (
				C6CC47A12D03484C00ED9B43 /* Authentication */,
				C6CC47972D03484300ED9B43 /* SearchController.swift */,
				C6CC47982D03484300ED9B43 /* ImageSelectorController.swift */,
				C6CC47992D03484300ED9B43 /* NotificationController.swift */,
				C6CC479A2D03484300ED9B43 /* ProfileController.swift */,
				C6CC47952D03483C00ED9B43 /* MainTabBarController.swift */,
				C6CC47932D03481A00ED9B43 /* FeedController.swift */,
			);
			path = Controller;
			sourceTree = "<group>";
		};
		C6CC47912D0347FC00ED9B43 /* Api */ = {
			isa = PBXGroup;
			children = (
			);
			path = Api;
			sourceTree = "<group>";
		};
		C6CC47922D03480000ED9B43 /* Utils */ = {
			isa = PBXGroup;
			children = (
				C6CC47A42D03485800ED9B43 /* Extensions.swift */,
			);
			path = Utils;
			sourceTree = "<group>";
		};
		C6CC47A12D03484C00ED9B43 /* Authentication */ = {
			isa = PBXGroup;
			children = (
				C6CC479F2D03484C00ED9B43 /* LoginController.swift */,
				C6CC47A02D03484C00ED9B43 /* RegisterController.swift */,
			);
			path = Authentication;
			sourceTree = "<group>";
		};
/* End PBXGroup section */

/* Begin PBXNativeTarget section */
		C6CC47632D0347B200ED9B43 /* IOSX-Gibigram */ = {
			isa = PBXNativeTarget;
			buildConfigurationList = C6CC47772D0347B300ED9B43 /* Build configuration list for PBXNativeTarget "IOSX-Gibigram" */;
			buildPhases = (
				C6CC47602D0347B200ED9B43 /* Sources */,
				C6CC47612D0347B200ED9B43 /* Frameworks */,
				C6CC47622D0347B200ED9B43 /* Resources */,
			);
			buildRules = (
			);
			dependencies = (
			);
			name = "IOSX-Gibigram";
			packageProductDependencies = (
			);
			productName = "IOSX-Gibigram";
			productReference = C6CC47642D0347B200ED9B43 /* IOSX-Gibigram.app */;
			productType = "com.apple.product-type.application";
		};
/* End PBXNativeTarget section */

/* Begin PBXProject section */
		C6CC475C2D0347B200ED9B43 /* Project object */ = {
			isa = PBXProject;
			attributes = {
				BuildIndependentTargetsInParallel = 1;
				LastSwiftUpdateCheck = 1610;
				LastUpgradeCheck = 1610;
				TargetAttributes = {
					C6CC47632D0347B200ED9B43 = {
						CreatedOnToolsVersion = 16.1;
					};
				};
			};
			buildConfigurationList = C6CC475F2D0347B200ED9B43 /* Build configuration list for PBXProject "IOSX-Gibigram" */;
			developmentRegion = en;
			hasScannedForEncodings = 0;
			knownRegions = (
				en,
				Base,
			);
			mainGroup = C6CC475B2D0347B200ED9B43;
			minimizedProjectReferenceProxies = 1;
			preferredProjectObjectVersion = 77;
			productRefGroup = C6CC47652D0347B200ED9B43 /* Products */;
			projectDirPath = "";
			projectRoot = "";
			targets = (
				C6CC47632D0347B200ED9B43 /* IOSX-Gibigram */,
			);
		};
/* End PBXProject section */

/* Begin PBXResourcesBuildPhase section */
		C6CC47622D0347B200ED9B43 /* Resources */ = {
			isa = PBXResourcesBuildPhase;
			buildActionMask = 2147483647;
			files = (
				C6CC47892D0347CA00ED9B43 /* Assets.xcassets in Resources */,
				C6CC478B2D0347CA00ED9B43 /* LaunchScreen.storyboard in Resources */,
				C6CC478C2D0347CA00ED9B43 /* Main.storyboard in Resources */,
			);
			runOnlyForDeploymentPostprocessing = 0;
		};
/* End PBXResourcesBuildPhase section */

/* Begin PBXSourcesBuildPhase section */
		C6CC47602D0347B200ED9B43 /* Sources */ = {
			isa = PBXSourcesBuildPhase;
			buildActionMask = 2147483647;
			files = (
				C6CC47862D0347CA00ED9B43 /* AppDelegate.swift in Sources */,
				C6CC479B2D03484300ED9B43 /* ImageSelectorController.swift in Sources */,
				C6CC479C2D03484300ED9B43 /* NotificationController.swift in Sources */,
				C6CC479D2D03484300ED9B43 /* ProfileController.swift in Sources */,
				C6CC479E2D03484300ED9B43 /* SearchController.swift in Sources */,
				C6CC47A72D03485E00ED9B43 /* FeedCell.swift in Sources */,
				C6CC47942D03482300ED9B43 /* FeedController.swift in Sources */,
				C6CC47A22D03484C00ED9B43 /* LoginController.swift in Sources */,
				C6CC47A32D03484C00ED9B43 /* RegisterController.swift in Sources */,
				C6CC47962D03483C00ED9B43 /* MainTabBarController.swift in Sources */,
				C6CC47A52D03485800ED9B43 /* Extensions.swift in Sources */,
				C6CC47872D0347CA00ED9B43 /* SceneDelegate.swift in Sources */,
			);
			runOnlyForDeploymentPostprocessing = 0;
		};
/* End PBXSourcesBuildPhase section */

/* Begin PBXVariantGroup section */
		C6CC47802D0347CA00ED9B43 /* LaunchScreen.storyboard */ = {
			isa = PBXVariantGroup;
			children = (
				C6CC477F2D0347CA00ED9B43 /* Base */,
			);
			name = LaunchScreen.storyboard;
			sourceTree = "<group>";
		};
		C6CC47822D0347CA00ED9B43 /* Main.storyboard */ = {
			isa = PBXVariantGroup;
			children = (
				C6CC47812D0347CA00ED9B43 /* Base */,
			);
			name = Main.storyboard;
			sourceTree = "<group>";
		};
/* End PBXVariantGroup section */

/* Begin XCBuildConfiguration section */
		C6CC47782D0347B300ED9B43 /* Debug */ = {
			isa = XCBuildConfiguration;
			buildSettings = {
				ASSETCATALOG_COMPILER_APPICON_NAME = AppIcon;
				ASSETCATALOG_COMPILER_GLOBAL_ACCENT_COLOR_NAME = AccentColor;
				CODE_SIGN_STYLE = Automatic;
				CURRENT_PROJECT_VERSION = 1;
				DEVELOPMENT_TEAM = J4QF7K26GP;
				GENERATE_INFOPLIST_FILE = YES;
				INFOPLIST_FILE = "IOSX-Gibigram/Info.plist";
				INFOPLIST_KEY_UIApplicationSupportsIndirectInputEvents = YES;
				INFOPLIST_KEY_UILaunchStoryboardName = LaunchScreen;
				INFOPLIST_KEY_UIMainStoryboardFile = Main;
				INFOPLIST_KEY_UISupportedInterfaceOrientations_iPad = "UIInterfaceOrientationPortrait UIInterfaceOrientationPortraitUpsideDown UIInterfaceOrientationLandscapeLeft UIInterfaceOrientationLandscapeRight";
				INFOPLIST_KEY_UISupportedInterfaceOrientations_iPhone = "UIInterfaceOrientationPortrait UIInterfaceOrientationLandscapeLeft UIInterfaceOrientationLandscapeRight";
				LD_RUNPATH_SEARCH_PATHS = (
					"$(inherited)",
					"@executable_path/Frameworks",
				);
				MARKETING_VERSION = 1.0;
				PRODUCT_BUNDLE_IDENTIFIER = "com.mertziya.IOSX-Gibigram";
				PRODUCT_NAME = "$(TARGET_NAME)";
				SWIFT_EMIT_LOC_STRINGS = YES;
				SWIFT_VERSION = 5.0;
				TARGETED_DEVICE_FAMILY = "1,2";
			};
			name = Debug;
		};
		C6CC47792D0347B300ED9B43 /* Release */ = {
			isa = XCBuildConfiguration;
			buildSettings = {
				ASSETCATALOG_COMPILER_APPICON_NAME = AppIcon;
				ASSETCATALOG_COMPILER_GLOBAL_ACCENT_COLOR_NAME = AccentColor;
				CODE_SIGN_STYLE = Automatic;
				CURRENT_PROJECT_VERSION = 1;
				DEVELOPMENT_TEAM = J4QF7K26GP;
				GENERATE_INFOPLIST_FILE = YES;
				INFOPLIST_FILE = "IOSX-Gibigram/Info.plist";
				INFOPLIST_KEY_UIApplicationSupportsIndirectInputEvents = YES;
				INFOPLIST_KEY_UILaunchStoryboardName = LaunchScreen;
				INFOPLIST_KEY_UIMainStoryboardFile = Main;
				INFOPLIST_KEY_UISupportedInterfaceOrientations_iPad = "UIInterfaceOrientationPortrait UIInterfaceOrientationPortraitUpsideDown UIInterfaceOrientationLandscapeLeft UIInterfaceOrientationLandscapeRight";
				INFOPLIST_KEY_UISupportedInterfaceOrientations_iPhone = "UIInterfaceOrientationPortrait UIInterfaceOrientationLandscapeLeft UIInterfaceOrientationLandscapeRight";
				LD_RUNPATH_SEARCH_PATHS = (
					"$(inherited)",
					"@executable_path/Frameworks",
				);
				MARKETING_VERSION = 1.0;
				PRODUCT_BUNDLE_IDENTIFIER = "com.mertziya.IOSX-Gibigram";
				PRODUCT_NAME = "$(TARGET_NAME)";
				SWIFT_EMIT_LOC_STRINGS = YES;
				SWIFT_VERSION = 5.0;
				TARGETED_DEVICE_FAMILY = "1,2";
			};
			name = Release;
		};
		C6CC477A2D0347B300ED9B43 /* Debug */ = {
			isa = XCBuildConfiguration;
			buildSettings = {
				ALWAYS_SEARCH_USER_PATHS = NO;
				ASSETCATALOG_COMPILER_GENERATE_SWIFT_ASSET_SYMBOL_EXTENSIONS = YES;
				CLANG_ANALYZER_NONNULL = YES;
				CLANG_ANALYZER_NUMBER_OBJECT_CONVERSION = YES_AGGRESSIVE;
				CLANG_CXX_LANGUAGE_STANDARD = "gnu++20";
				CLANG_ENABLE_MODULES = YES;
				CLANG_ENABLE_OBJC_ARC = YES;
				CLANG_ENABLE_OBJC_WEAK = YES;
				CLANG_WARN_BLOCK_CAPTURE_AUTORELEASING = YES;
				CLANG_WARN_BOOL_CONVERSION = YES;
				CLANG_WARN_COMMA = YES;
				CLANG_WARN_CONSTANT_CONVERSION = YES;
				CLANG_WARN_DEPRECATED_OBJC_IMPLEMENTATIONS = YES;
				CLANG_WARN_DIRECT_OBJC_ISA_USAGE = YES_ERROR;
				CLANG_WARN_DOCUMENTATION_COMMENTS = YES;
				CLANG_WARN_EMPTY_BODY = YES;
				CLANG_WARN_ENUM_CONVERSION = YES;
				CLANG_WARN_INFINITE_RECURSION = YES;
				CLANG_WARN_INT_CONVERSION = YES;
				CLANG_WARN_NON_LITERAL_NULL_CONVERSION = YES;
				CLANG_WARN_OBJC_IMPLICIT_RETAIN_SELF = YES;
				CLANG_WARN_OBJC_LITERAL_CONVERSION = YES;
				CLANG_WARN_OBJC_ROOT_CLASS = YES_ERROR;
				CLANG_WARN_QUOTED_INCLUDE_IN_FRAMEWORK_HEADER = YES;
				CLANG_WARN_RANGE_LOOP_ANALYSIS = YES;
				CLANG_WARN_STRICT_PROTOTYPES = YES;
				CLANG_WARN_SUSPICIOUS_MOVE = YES;
				CLANG_WARN_UNGUARDED_AVAILABILITY = YES_AGGRESSIVE;
				CLANG_WARN_UNREACHABLE_CODE = YES;
				CLANG_WARN__DUPLICATE_METHOD_MATCH = YES;
				COPY_PHASE_STRIP = NO;
				DEBUG_INFORMATION_FORMAT = dwarf;
				ENABLE_STRICT_OBJC_MSGSEND = YES;
				ENABLE_TESTABILITY = YES;
				ENABLE_USER_SCRIPT_SANDBOXING = YES;
				GCC_C_LANGUAGE_STANDARD = gnu17;
				GCC_DYNAMIC_NO_PIC = NO;
				GCC_NO_COMMON_BLOCKS = YES;
				GCC_OPTIMIZATION_LEVEL = 0;
				GCC_PREPROCESSOR_DEFINITIONS = (
					"DEBUG=1",
					"$(inherited)",
				);
				GCC_WARN_64_TO_32_BIT_CONVERSION = YES;
				GCC_WARN_ABOUT_RETURN_TYPE = YES_ERROR;
				GCC_WARN_UNDECLARED_SELECTOR = YES;
				GCC_WARN_UNINITIALIZED_AUTOS = YES_AGGRESSIVE;
				GCC_WARN_UNUSED_FUNCTION = YES;
				GCC_WARN_UNUSED_VARIABLE = YES;
				IPHONEOS_DEPLOYMENT_TARGET = 18.1;
				LOCALIZATION_PREFERS_STRING_CATALOGS = YES;
				MTL_ENABLE_DEBUG_INFO = INCLUDE_SOURCE;
				MTL_FAST_MATH = YES;
				ONLY_ACTIVE_ARCH = YES;
				SDKROOT = iphoneos;
				SWIFT_ACTIVE_COMPILATION_CONDITIONS = "DEBUG $(inherited)";
				SWIFT_OPTIMIZATION_LEVEL = "-Onone";
			};
			name = Debug;
		};
		C6CC477B2D0347B300ED9B43 /* Release */ = {
			isa = XCBuildConfiguration;
			buildSettings = {
				ALWAYS_SEARCH_USER_PATHS = NO;
				ASSETCATALOG_COMPILER_GENERATE_SWIFT_ASSET_SYMBOL_EXTENSIONS = YES;
				CLANG_ANALYZER_NONNULL = YES;
				CLANG_ANALYZER_NUMBER_OBJECT_CONVERSION = YES_AGGRESSIVE;
				CLANG_CXX_LANGUAGE_STANDARD = "gnu++20";
				CLANG_ENABLE_MODULES = YES;
				CLANG_ENABLE_OBJC_ARC = YES;
				CLANG_ENABLE_OBJC_WEAK = YES;
				CLANG_WARN_BLOCK_CAPTURE_AUTORELEASING = YES;
				CLANG_WARN_BOOL_CONVERSION = YES;
				CLANG_WARN_COMMA = YES;
				CLANG_WARN_CONSTANT_CONVERSION = YES;
				CLANG_WARN_DEPRECATED_OBJC_IMPLEMENTATIONS = YES;
				CLANG_WARN_DIRECT_OBJC_ISA_USAGE = YES_ERROR;
				CLANG_WARN_DOCUMENTATION_COMMENTS = YES;
				CLANG_WARN_EMPTY_BODY = YES;
				CLANG_WARN_ENUM_CONVERSION = YES;
				CLANG_WARN_INFINITE_RECURSION = YES;
				CLANG_WARN_INT_CONVERSION = YES;
				CLANG_WARN_NON_LITERAL_NULL_CONVERSION = YES;
				CLANG_WARN_OBJC_IMPLICIT_RETAIN_SELF = YES;
				CLANG_WARN_OBJC_LITERAL_CONVERSION = YES;
				CLANG_WARN_OBJC_ROOT_CLASS = YES_ERROR;
				CLANG_WARN_QUOTED_INCLUDE_IN_FRAMEWORK_HEADER = YES;
				CLANG_WARN_RANGE_LOOP_ANALYSIS = YES;
				CLANG_WARN_STRICT_PROTOTYPES = YES;
				CLANG_WARN_SUSPICIOUS_MOVE = YES;
				CLANG_WARN_UNGUARDED_AVAILABILITY = YES_AGGRESSIVE;
				CLANG_WARN_UNREACHABLE_CODE = YES;
				CLANG_WARN__DUPLICATE_METHOD_MATCH = YES;
				COPY_PHASE_STRIP = NO;
				DEBUG_INFORMATION_FORMAT = "dwarf-with-dsym";
				ENABLE_NS_ASSERTIONS = NO;
				ENABLE_STRICT_OBJC_MSGSEND = YES;
				ENABLE_USER_SCRIPT_SANDBOXING = YES;
				GCC_C_LANGUAGE_STANDARD = gnu17;
				GCC_NO_COMMON_BLOCKS = YES;
				GCC_WARN_64_TO_32_BIT_CONVERSION = YES;
				GCC_WARN_ABOUT_RETURN_TYPE = YES_ERROR;
				GCC_WARN_UNDECLARED_SELECTOR = YES;
				GCC_WARN_UNINITIALIZED_AUTOS = YES_AGGRESSIVE;
				GCC_WARN_UNUSED_FUNCTION = YES;
				GCC_WARN_UNUSED_VARIABLE = YES;
				IPHONEOS_DEPLOYMENT_TARGET = 18.1;
				LOCALIZATION_PREFERS_STRING_CATALOGS = YES;
				MTL_ENABLE_DEBUG_INFO = NO;
				MTL_FAST_MATH = YES;
				SDKROOT = iphoneos;
				SWIFT_COMPILATION_MODE = wholemodule;
				VALIDATE_PRODUCT = YES;
			};
			name = Release;
		};
/* End XCBuildConfiguration section */

/* Begin XCConfigurationList section */
		C6CC475F2D0347B200ED9B43 /* Build configuration list for PBXProject "IOSX-Gibigram" */ = {
			isa = XCConfigurationList;
			buildConfigurations = (
				C6CC477A2D0347B300ED9B43 /* Debug */,
				C6CC477B2D0347B300ED9B43 /* Release */,
			);
			defaultConfigurationIsVisible = 0;
			defaultConfigurationName = Release;
		};
		C6CC47772D0347B300ED9B43 /* Build configuration list for PBXNativeTarget "IOSX-Gibigram" */ = {
			isa = XCConfigurationList;
			buildConfigurations = (
				C6CC47782D0347B300ED9B43 /* Debug */,
				C6CC47792D0347B300ED9B43 /* Release */,
			);
			defaultConfigurationIsVisible = 0;
			defaultConfigurationName = Release;
		};
/* End XCConfigurationList section */
	};
	rootObject = C6CC475C2D0347B200ED9B43 /* Project object */;
}
